schema: '2.0'
stages:
  train_model:
    cmd: python src/train.py
    deps:
    - path: data/raw/reviews.csv
      hash: md5
      md5: ccea809cf06938e64b783737778f5ca0
      size: 85285
    - path: src/preprocess.py
      hash: md5
      md5: 94170ab99d251f3b82946fcde957524c
      size: 1246
    - path: src/train.py
      hash: md5
      md5: b47837ec03abc195822d5f173fe94219
      size: 7206
    outs:
    - path: models/sentiment_model.joblib
      hash: md5
      md5: d8a64998cc48987dac25bc76947d10d5
      size: 17995
    - path: models/tfidf_vectorizer.joblib
      hash: md5
      md5: 36a7f66db1776b15a7f7d38e16722a88
      size: 77575
