schema: '2.0'
stages:
  train_model:
    cmd: python src/train.py
    deps:
    - path: data/raw/reviews.csv
      hash: md5
      md5: ccea809cf06938e64b783737778f5ca0
      size: 85285
    - path: src/preprocess.py
      hash: md5
      md5: 806268be2f09c17fa7cdba7313e36062
      size: 1264
    - path: src/train.py
      hash: md5
      md5: a27349e6668810b832715a2f3871873b
      size: 7884
    outs:
    - path: models/sentiment_model.joblib
      hash: md5
      md5: d8a64998cc48987dac25bc76947d10d5
      size: 17995
    - path: models/tfidf_vectorizer.joblib
      hash: md5
      md5: b209572ba4c67c23a53570ce664bdb0a
      size: 77575
